// !$*UTF8*$!
{
	archiveVersion = 1;
	classes = {
	};
	objectVersion = 52;
	objects = {

/* Begin PBXBuildFile section */
		010941342610879F001BF5D0 /* greywatchApp.swift in Sources */ = {isa = PBXBuildFile; fileRef = 010941332610879F001BF5D0 /* greywatchApp.swift */; };
		010941362610879F001BF5D0 /* ContentView.swift in Sources */ = {isa = PBXBuildFile; fileRef = 010941352610879F001BF5D0 /* ContentView.swift */; };
		01094138261087A1001BF5D0 /* Assets.xcassets in Resources */ = {isa = PBXBuildFile; fileRef = 01094137261087A1001BF5D0 /* Assets.xcassets */; };
		0109413B261087A1001BF5D0 /* Preview Assets.xcassets in Resources */ = {isa = PBXBuildFile; fileRef = 0109413A261087A1001BF5D0 /* Preview Assets.xcassets */; };
		0109414426108868001BF5D0 /* netstat.swift in Sources */ = {isa = PBXBuildFile; fileRef = 0109414326108868001BF5D0 /* netstat.swift */; };
		0109414726108E8F001BF5D0 /* SwiftShell in Frameworks */ = {isa = PBXBuildFile; productRef = 0109414626108E8F001BF5D0 /* SwiftShell */; };
		0109414926108FDC001BF5D0 /* String-Regex.swift in Sources */ = {isa = PBXBuildFile; fileRef = 0109414826108FDC001BF5D0 /* String-Regex.swift */; };
		0109414D2610AFBE001BF5D0 /* model.swift in Sources */ = {isa = PBXBuildFile; fileRef = 0109414C2610AFBE001BF5D0 /* model.swift */; };
		010941522611B424001BF5D0 /* inet.c in Sources */ = {isa = PBXBuildFile; fileRef = 010941512611B424001BF5D0 /* inet.c */; };
/* End PBXBuildFile section */

/* Begin PBXFileReference section */
		010941302610879F001BF5D0 /* greywatch.app */ = {isa = PBXFileReference; explicitFileType = wrapper.application; includeInIndex = 0; path = greywatch.app; sourceTree = BUILT_PRODUCTS_DIR; };
		010941332610879F001BF5D0 /* greywatchApp.swift */ = {isa = PBXFileReference; lastKnownFileType = sourcecode.swift; path = greywatchApp.swift; sourceTree = "<group>"; };
		010941352610879F001BF5D0 /* ContentView.swift */ = {isa = PBXFileReference; lastKnownFileType = sourcecode.swift; path = ContentView.swift; sourceTree = "<group>"; };
		01094137261087A1001BF5D0 /* Assets.xcassets */ = {isa = PBXFileReference; lastKnownFileType = folder.assetcatalog; path = Assets.xcassets; sourceTree = "<group>"; };
		0109413A261087A1001BF5D0 /* Preview Assets.xcassets */ = {isa = PBXFileReference; lastKnownFileType = folder.assetcatalog; path = "Preview Assets.xcassets"; sourceTree = "<group>"; };
		0109413C261087A1001BF5D0 /* Info.plist */ = {isa = PBXFileReference; lastKnownFileType = text.plist.xml; path = Info.plist; sourceTree = "<group>"; };
		0109413D261087A1001BF5D0 /* greywatch.entitlements */ = {isa = PBXFileReference; lastKnownFileType = text.plist.entitlements; path = greywatch.entitlements; sourceTree = "<group>"; };
		0109414326108868001BF5D0 /* netstat.swift */ = {isa = PBXFileReference; lastKnownFileType = sourcecode.swift; path = netstat.swift; sourceTree = "<group>"; };
		0109414826108FDC001BF5D0 /* String-Regex.swift */ = {isa = PBXFileReference; lastKnownFileType = sourcecode.swift; path = "String-Regex.swift"; sourceTree = "<group>"; };
		0109414C2610AFBE001BF5D0 /* model.swift */ = {isa = PBXFileReference; lastKnownFileType = sourcecode.swift; path = model.swift; sourceTree = "<group>"; };
		0109414E2610CBF3001BF5D0 /* README.md */ = {isa = PBXFileReference; lastKnownFileType = net.daringfireball.markdown; path = README.md; sourceTree = "<group>"; };
		0109414F2611B424001BF5D0 /* greywatch-Bridging-Header.h */ = {isa = PBXFileReference; lastKnownFileType = sourcecode.c.h; path = "greywatch-Bridging-Header.h"; sourceTree = "<group>"; };
		010941502611B424001BF5D0 /* inet.h */ = {isa = PBXFileReference; lastKnownFileType = sourcecode.c.h; path = inet.h; sourceTree = "<group>"; };
		010941512611B424001BF5D0 /* inet.c */ = {isa = PBXFileReference; lastKnownFileType = sourcecode.c.c; path = inet.c; sourceTree = "<group>"; };
		01FE06F92611E6AA005F94A4 /* NEWS.md */ = {isa = PBXFileReference; lastKnownFileType = net.daringfireball.markdown; path = NEWS.md; sourceTree = "<group>"; };
/* End PBXFileReference section */

/* Begin PBXFrameworksBuildPhase section */
		0109412D2610879F001BF5D0 /* Frameworks */ = {
			isa = PBXFrameworksBuildPhase;
			buildActionMask = 2147483647;
			files = (
				0109414726108E8F001BF5D0 /* SwiftShell in Frameworks */,
			);
			runOnlyForDeploymentPostprocessing = 0;
		};
/* End PBXFrameworksBuildPhase section */

/* Begin PBXGroup section */
		010941272610879F001BF5D0 = {
			isa = PBXGroup;
			children = (
				01FE06F92611E6AA005F94A4 /* NEWS.md */,
				0109414E2610CBF3001BF5D0 /* README.md */,
				010941322610879F001BF5D0 /* greywatch */,
				010941312610879F001BF5D0 /* Products */,
			);
			sourceTree = "<group>";
		};
		010941312610879F001BF5D0 /* Products */ = {
			isa = PBXGroup;
			children = (
				010941302610879F001BF5D0 /* greywatch.app */,
			);
			name = Products;
			sourceTree = "<group>";
		};
		010941322610879F001BF5D0 /* greywatch */ = {
			isa = PBXGroup;
			children = (
				010941332610879F001BF5D0 /* greywatchApp.swift */,
				010941352610879F001BF5D0 /* ContentView.swift */,
				0109414C2610AFBE001BF5D0 /* model.swift */,
				0109414326108868001BF5D0 /* netstat.swift */,
				0109414826108FDC001BF5D0 /* String-Regex.swift */,
				01094137261087A1001BF5D0 /* Assets.xcassets */,
				0109413C261087A1001BF5D0 /* Info.plist */,
				0109413D261087A1001BF5D0 /* greywatch.entitlements */,
				01094139261087A1001BF5D0 /* Preview Content */,
				010941502611B424001BF5D0 /* inet.h */,
				010941512611B424001BF5D0 /* inet.c */,
				0109414F2611B424001BF5D0 /* greywatch-Bridging-Header.h */,
			);
			path = greywatch;
			sourceTree = "<group>";
		};
		01094139261087A1001BF5D0 /* Preview Content */ = {
			isa = PBXGroup;
			children = (
				0109413A261087A1001BF5D0 /* Preview Assets.xcassets */,
			);
			path = "Preview Content";
			sourceTree = "<group>";
		};
/* End PBXGroup section */

/* Begin PBXNativeTarget section */
		0109412F2610879F001BF5D0 /* greywatch */ = {
			isa = PBXNativeTarget;
			buildConfigurationList = 01094140261087A1001BF5D0 /* Build configuration list for PBXNativeTarget "greywatch" */;
			buildPhases = (
				0109412C2610879F001BF5D0 /* Sources */,
				0109412D2610879F001BF5D0 /* Frameworks */,
				0109412E2610879F001BF5D0 /* Resources */,
			);
			buildRules = (
			);
			dependencies = (
			);
			name = greywatch;
			packageProductDependencies = (
				0109414626108E8F001BF5D0 /* SwiftShell */,
			);
			productName = greywatch;
			productReference = 010941302610879F001BF5D0 /* greywatch.app */;
			productType = "com.apple.product-type.application";
		};
/* End PBXNativeTarget section */

/* Begin PBXProject section */
		010941282610879F001BF5D0 /* Project object */ = {
			isa = PBXProject;
			attributes = {
				LastSwiftUpdateCheck = 1250;
				LastUpgradeCheck = 1250;
				TargetAttributes = {
					0109412F2610879F001BF5D0 = {
						CreatedOnToolsVersion = 12.5;
						LastSwiftMigration = 1250;
					};
				};
			};
			buildConfigurationList = 0109412B2610879F001BF5D0 /* Build configuration list for PBXProject "greywatch" */;
			compatibilityVersion = "Xcode 9.3";
			developmentRegion = en;
			hasScannedForEncodings = 0;
			knownRegions = (
				en,
				Base,
			);
			mainGroup = 010941272610879F001BF5D0;
			packageReferences = (
				0109414526108E8F001BF5D0 /* XCRemoteSwiftPackageReference "SwiftShell" */,
			);
			productRefGroup = 010941312610879F001BF5D0 /* Products */;
			projectDirPath = "";
			projectRoot = "";
			targets = (
				0109412F2610879F001BF5D0 /* greywatch */,
			);
		};
/* End PBXProject section */

/* Begin PBXResourcesBuildPhase section */
		0109412E2610879F001BF5D0 /* Resources */ = {
			isa = PBXResourcesBuildPhase;
			buildActionMask = 2147483647;
			files = (
				0109413B261087A1001BF5D0 /* Preview Assets.xcassets in Resources */,
				01094138261087A1001BF5D0 /* Assets.xcassets in Resources */,
			);
			runOnlyForDeploymentPostprocessing = 0;
		};
/* End PBXResourcesBuildPhase section */

/* Begin PBXSourcesBuildPhase section */
		0109412C2610879F001BF5D0 /* Sources */ = {
			isa = PBXSourcesBuildPhase;
			buildActionMask = 2147483647;
			files = (
				0109414926108FDC001BF5D0 /* String-Regex.swift in Sources */,
				0109414D2610AFBE001BF5D0 /* model.swift in Sources */,
				010941362610879F001BF5D0 /* ContentView.swift in Sources */,
				010941342610879F001BF5D0 /* greywatchApp.swift in Sources */,
				0109414426108868001BF5D0 /* netstat.swift in Sources */,
				010941522611B424001BF5D0 /* inet.c in Sources */,
			);
			runOnlyForDeploymentPostprocessing = 0;
		};
/* End PBXSourcesBuildPhase section */

/* Begin XCBuildConfiguration section */
		0109413E261087A1001BF5D0 /* Debug */ = {
			isa = XCBuildConfiguration;
			buildSettings = {
				ALWAYS_SEARCH_USER_PATHS = NO;
				CLANG_ANALYZER_NONNULL = YES;
				CLANG_ANALYZER_NUMBER_OBJECT_CONVERSION = YES_AGGRESSIVE;
				CLANG_CXX_LANGUAGE_STANDARD = "gnu++14";
				CLANG_CXX_LIBRARY = "libc++";
				CLANG_ENABLE_MODULES = YES;
				CLANG_ENABLE_OBJC_ARC = YES;
				CLANG_ENABLE_OBJC_WEAK = YES;
				CLANG_WARN_BLOCK_CAPTURE_AUTORELEASING = YES;
				CLANG_WARN_BOOL_CONVERSION = YES;
				CLANG_WARN_COMMA = YES;
				CLANG_WARN_CONSTANT_CONVERSION = YES;
				CLANG_WARN_DEPRECATED_OBJC_IMPLEMENTATIONS = YES;
				CLANG_WARN_DIRECT_OBJC_ISA_USAGE = YES_ERROR;
				CLANG_WARN_DOCUMENTATION_COMMENTS = YES;
				CLANG_WARN_EMPTY_BODY = YES;
				CLANG_WARN_ENUM_CONVERSION = YES;
				CLANG_WARN_INFINITE_RECURSION = YES;
				CLANG_WARN_INT_CONVERSION = YES;
				CLANG_WARN_NON_LITERAL_NULL_CONVERSION = YES;
				CLANG_WARN_OBJC_IMPLICIT_RETAIN_SELF = YES;
				CLANG_WARN_OBJC_LITERAL_CONVERSION = YES;
				CLANG_WARN_OBJC_ROOT_CLASS = YES_ERROR;
				CLANG_WARN_QUOTED_INCLUDE_IN_FRAMEWORK_HEADER = YES;
				CLANG_WARN_RANGE_LOOP_ANALYSIS = YES;
				CLANG_WARN_STRICT_PROTOTYPES = YES;
				CLANG_WARN_SUSPICIOUS_MOVE = YES;
				CLANG_WARN_UNGUARDED_AVAILABILITY = YES_AGGRESSIVE;
				CLANG_WARN_UNREACHABLE_CODE = YES;
				CLANG_WARN__DUPLICATE_METHOD_MATCH = YES;
				COPY_PHASE_STRIP = NO;
				DEBUG_INFORMATION_FORMAT = dwarf;
				ENABLE_STRICT_OBJC_MSGSEND = YES;
				ENABLE_TESTABILITY = YES;
				GCC_C_LANGUAGE_STANDARD = gnu11;
				GCC_DYNAMIC_NO_PIC = NO;
				GCC_NO_COMMON_BLOCKS = YES;
				GCC_OPTIMIZATION_LEVEL = 0;
				GCC_PREPROCESSOR_DEFINITIONS = (
					"DEBUG=1",
					"$(inherited)",
				);
				GCC_WARN_64_TO_32_BIT_CONVERSION = YES;
				GCC_WARN_ABOUT_RETURN_TYPE = YES_ERROR;
				GCC_WARN_UNDECLARED_SELECTOR = YES;
				GCC_WARN_UNINITIALIZED_AUTOS = YES_AGGRESSIVE;
				GCC_WARN_UNUSED_FUNCTION = YES;
				GCC_WARN_UNUSED_VARIABLE = YES;
				MACOSX_DEPLOYMENT_TARGET = 11.0;
				MTL_ENABLE_DEBUG_INFO = INCLUDE_SOURCE;
				MTL_FAST_MATH = YES;
				ONLY_ACTIVE_ARCH = YES;
				SDKROOT = macosx;
				SWIFT_ACTIVE_COMPILATION_CONDITIONS = DEBUG;
				SWIFT_OPTIMIZATION_LEVEL = "-Onone";
			};
			name = Debug;
		};
		0109413F261087A1001BF5D0 /* Release */ = {
			isa = XCBuildConfiguration;
			buildSettings = {
				ALWAYS_SEARCH_USER_PATHS = NO;
				CLANG_ANALYZER_NONNULL = YES;
				CLANG_ANALYZER_NUMBER_OBJECT_CONVERSION = YES_AGGRESSIVE;
				CLANG_CXX_LANGUAGE_STANDARD = "gnu++14";
				CLANG_CXX_LIBRARY = "libc++";
				CLANG_ENABLE_MODULES = YES;
				CLANG_ENABLE_OBJC_ARC = YES;
				CLANG_ENABLE_OBJC_WEAK = YES;
				CLANG_WARN_BLOCK_CAPTURE_AUTORELEASING = YES;
				CLANG_WARN_BOOL_CONVERSION = YES;
				CLANG_WARN_COMMA = YES;
				CLANG_WARN_CONSTANT_CONVERSION = YES;
				CLANG_WARN_DEPRECATED_OBJC_IMPLEMENTATIONS = YES;
				CLANG_WARN_DIRECT_OBJC_ISA_USAGE = YES_ERROR;
				CLANG_WARN_DOCUMENTATION_COMMENTS = YES;
				CLANG_WARN_EMPTY_BODY = YES;
				CLANG_WARN_ENUM_CONVERSION = YES;
				CLANG_WARN_INFINITE_RECURSION = YES;
				CLANG_WARN_INT_CONVERSION = YES;
				CLANG_WARN_NON_LITERAL_NULL_CONVERSION = YES;
				CLANG_WARN_OBJC_IMPLICIT_RETAIN_SELF = YES;
				CLANG_WARN_OBJC_LITERAL_CONVERSION = YES;
				CLANG_WARN_OBJC_ROOT_CLASS = YES_ERROR;
				CLANG_WARN_QUOTED_INCLUDE_IN_FRAMEWORK_HEADER = YES;
				CLANG_WARN_RANGE_LOOP_ANALYSIS = YES;
				CLANG_WARN_STRICT_PROTOTYPES = YES;
				CLANG_WARN_SUSPICIOUS_MOVE = YES;
				CLANG_WARN_UNGUARDED_AVAILABILITY = YES_AGGRESSIVE;
				CLANG_WARN_UNREACHABLE_CODE = YES;
				CLANG_WARN__DUPLICATE_METHOD_MATCH = YES;
				COPY_PHASE_STRIP = NO;
				DEBUG_INFORMATION_FORMAT = "dwarf-with-dsym";
				ENABLE_NS_ASSERTIONS = NO;
				ENABLE_STRICT_OBJC_MSGSEND = YES;
				GCC_C_LANGUAGE_STANDARD = gnu11;
				GCC_NO_COMMON_BLOCKS = YES;
				GCC_WARN_64_TO_32_BIT_CONVERSION = YES;
				GCC_WARN_ABOUT_RETURN_TYPE = YES_ERROR;
				GCC_WARN_UNDECLARED_SELECTOR = YES;
				GCC_WARN_UNINITIALIZED_AUTOS = YES_AGGRESSIVE;
				GCC_WARN_UNUSED_FUNCTION = YES;
				GCC_WARN_UNUSED_VARIABLE = YES;
				MACOSX_DEPLOYMENT_TARGET = 11.0;
				MTL_ENABLE_DEBUG_INFO = NO;
				MTL_FAST_MATH = YES;
				SDKROOT = macosx;
				SWIFT_COMPILATION_MODE = wholemodule;
				SWIFT_OPTIMIZATION_LEVEL = "-O";
			};
			name = Release;
		};
		01094141261087A1001BF5D0 /* Debug */ = {
			isa = XCBuildConfiguration;
			buildSettings = {
				ASSETCATALOG_COMPILER_APPICON_NAME = AppIcon;
				ASSETCATALOG_COMPILER_GLOBAL_ACCENT_COLOR_NAME = AccentColor;
				CLANG_ENABLE_MODULES = YES;
				CODE_SIGN_ENTITLEMENTS = greywatch/greywatch.entitlements;
				CODE_SIGN_IDENTITY = "-";
				CODE_SIGN_STYLE = Automatic;
				COMBINE_HIDPI_IMAGES = YES;
				DEVELOPMENT_ASSET_PATHS = "\"greywatch/Preview Content\"";
				DEVELOPMENT_TEAM = CBY22P58G8;
				ENABLE_HARDENED_RUNTIME = YES;
				ENABLE_PREVIEWS = YES;
				INFOPLIST_FILE = greywatch/Info.plist;
				LD_RUNPATH_SEARCH_PATHS = (
					"$(inherited)",
					"@executable_path/../Frameworks",
				);
				MACOSX_DEPLOYMENT_TARGET = 11.0;
				MARKETING_VERSION = 1.1.0;
				PRODUCT_BUNDLE_IDENTIFIER = is.rud.greywatch;
				PRODUCT_NAME = "$(TARGET_NAME)";
				SWIFT_OBJC_BRIDGING_HEADER = "greywatch/greywatch-Bridging-Header.h";
				SWIFT_OPTIMIZATION_LEVEL = "-Onone";
				SWIFT_VERSION = 5.0;
			};
			name = Debug;
		};
		01094142261087A1001BF5D0 /* Release */ = {
			isa = XCBuildConfiguration;
			buildSettings = {
				ASSETCATALOG_COMPILER_APPICON_NAME = AppIcon;
				ASSETCATALOG_COMPILER_GLOBAL_ACCENT_COLOR_NAME = AccentColor;
				CLANG_ENABLE_MODULES = YES;
				CODE_SIGN_ENTITLEMENTS = greywatch/greywatch.entitlements;
				CODE_SIGN_IDENTITY = "-";
				CODE_SIGN_STYLE = Automatic;
				COMBINE_HIDPI_IMAGES = YES;
				DEVELOPMENT_ASSET_PATHS = "\"greywatch/Preview Content\"";
				DEVELOPMENT_TEAM = CBY22P58G8;
				ENABLE_HARDENED_RUNTIME = YES;
				ENABLE_PREVIEWS = YES;
				INFOPLIST_FILE = greywatch/Info.plist;
				LD_RUNPATH_SEARCH_PATHS = (
					"$(inherited)",
					"@executable_path/../Frameworks",
				);
				MACOSX_DEPLOYMENT_TARGET = 11.0;
				MARKETING_VERSION = 1.1.0;
				PRODUCT_BUNDLE_IDENTIFIER = is.rud.greywatch;
				PRODUCT_NAME = "$(TARGET_NAME)";
				SWIFT_OBJC_BRIDGING_HEADER = "greywatch/greywatch-Bridging-Header.h";
				SWIFT_VERSION = 5.0;
			};
			name = Release;
		};
/* End XCBuildConfiguration section */

/* Begin XCConfigurationList section */
		0109412B2610879F001BF5D0 /* Build configuration list for PBXProject "greywatch" */ = {
			isa = XCConfigurationList;
			buildConfigurations = (
				0109413E261087A1001BF5D0 /* Debug */,
				0109413F261087A1001BF5D0 /* Release */,
			);
			defaultConfigurationIsVisible = 0;
			defaultConfigurationName = Release;
		};
		01094140261087A1001BF5D0 /* Build configuration list for PBXNativeTarget "greywatch" */ = {
			isa = XCConfigurationList;
			buildConfigurations = (
				01094141261087A1001BF5D0 /* Debug */,
				01094142261087A1001BF5D0 /* Release */,
			);
			defaultConfigurationIsVisible = 0;
			defaultConfigurationName = Release;
		};
/* End XCConfigurationList section */

/* Begin XCRemoteSwiftPackageReference section */
		0109414526108E8F001BF5D0 /* XCRemoteSwiftPackageReference "SwiftShell" */ = {
			isa = XCRemoteSwiftPackageReference;
			repositoryURL = "https://github.com/kareman/SwiftShell";
			requirement = {
				kind = upToNextMajorVersion;
				minimumVersion = 5.1.0;
			};
		};
/* End XCRemoteSwiftPackageReference section */

/* Begin XCSwiftPackageProductDependency section */
		0109414626108E8F001BF5D0 /* SwiftShell */ = {
			isa = XCSwiftPackageProductDependency;
			package = 0109414526108E8F001BF5D0 /* XCRemoteSwiftPackageReference "SwiftShell" */;
			productName = SwiftShell;
		};
/* End XCSwiftPackageProductDependency section */
	};
	rootObject = 010941282610879F001BF5D0 /* Project object */;
}
